
Microsoft Visual Studio Solution File, Format Version 12.00
# Visual Studio Version 17
VisualStudioVersion = 17.0.31903.59
MinimumVisualStudioVersion = 10.0.40219.1
Project("{2150E333-8FDC-42A3-9474-1A3956D46DE8}") = "src", "src", "{2E6DA264-561E-4B6F-BEE6-A6631316720F}"
EndProject
Project("{FAE04EC0-301F-11D3-BF4B-00C04F79EFBC}") = "olx-assistant-api", "src\olx-assistant-api\olx-assistant-api.csproj", "{27130BFF-6ABE-45AB-9EF3-68D19BB3517D}"
EndProject
Project("{FAE04EC0-301F-11D3-BF4B-00C04F79EFBC}") = "olx-assistant-scraping", "src\olx-assistant-scraping\olx-assistant-scraping.csproj", "{7EC48873-24E1-4F1C-A95C-9FECA9AD45D3}"
EndProject
Project("{FAE04EC0-301F-11D3-BF4B-00C04F79EFBC}") = "olx-assistant-test", "src\olx-assistant-test\olx-assistant-test.csproj", "{EB8EBB7B-DDDA-4931-B39E-FF71379A5C07}"
EndProject
Project("{FAE04EC0-301F-11D3-BF4B-00C04F79EFBC}") = "olx-assistant-domain", "src\olx-assistant-domain\olx-assistant-domain.csproj", "{1045DCA2-6498-4281-BC03-FE928E8184C7}"
EndProject
Project("{FAE04EC0-301F-11D3-BF4B-00C04F79EFBC}") = "olx-assistant-application", "src\olx-assistant-application\olx-assistant-application.csproj", "{F525CB99-A2FC-4B8F-954E-FFF96B6FFBBA}"
EndProject
Project("{FAE04EC0-301F-11D3-BF4B-00C04F79EFBC}") = "olx-assistant-infrastructure", "src\olx-assistant-infrastructure\olx-assistant-infrastructure.csproj", "{AD4501A0-6893-429E-85C4-FD58963AC1FB}"
EndProject
Project("{FAE04EC0-301F-11D3-BF4B-00C04F79EFBC}") = "olx-assistant-database-listener", "src\olx-assistant-database-listener\olx-assistant-database-listener.csproj", "{8451C53A-1B93-421D-A8AE-CBF6464BD360}"
EndProject
Project("{FAE04EC0-301F-11D3-BF4B-00C04F79EFBC}") = "olx-assistant-cache-service", "src\olx-assistant-cache-service\olx-assistant-cache-service.csproj", "{97A5784A-D8EC-4731-B3C4-E3A9AF6F5067}"
EndProject
Global
	GlobalSection(SolutionConfigurationPlatforms) = preSolution
		Debug|Any CPU = Debug|Any CPU
		Release|Any CPU = Release|Any CPU
	EndGlobalSection
	GlobalSection(SolutionProperties) = preSolution
		HideSolutionNode = FALSE
	EndGlobalSection
	GlobalSection(ProjectConfigurationPlatforms) = postSolution
		{27130BFF-6ABE-45AB-9EF3-68D19BB3517D}.Debug|Any CPU.ActiveCfg = Debug|Any CPU
		{27130BFF-6ABE-45AB-9EF3-68D19BB3517D}.Debug|Any CPU.Build.0 = Debug|Any CPU
		{27130BFF-6ABE-45AB-9EF3-68D19BB3517D}.Release|Any CPU.ActiveCfg = Release|Any CPU
		{27130BFF-6ABE-45AB-9EF3-68D19BB3517D}.Release|Any CPU.Build.0 = Release|Any CPU
		{7EC48873-24E1-4F1C-A95C-9FECA9AD45D3}.Debug|Any CPU.ActiveCfg = Debug|Any CPU
		{7EC48873-24E1-4F1C-A95C-9FECA9AD45D3}.Debug|Any CPU.Build.0 = Debug|Any CPU
		{7EC48873-24E1-4F1C-A95C-9FECA9AD45D3}.Release|Any CPU.ActiveCfg = Release|Any CPU
		{7EC48873-24E1-4F1C-A95C-9FECA9AD45D3}.Release|Any CPU.Build.0 = Release|Any CPU
		{EB8EBB7B-DDDA-4931-B39E-FF71379A5C07}.Debug|Any CPU.ActiveCfg = Debug|Any CPU
		{EB8EBB7B-DDDA-4931-B39E-FF71379A5C07}.Debug|Any CPU.Build.0 = Debug|Any CPU
		{EB8EBB7B-DDDA-4931-B39E-FF71379A5C07}.Release|Any CPU.ActiveCfg = Release|Any CPU
		{EB8EBB7B-DDDA-4931-B39E-FF71379A5C07}.Release|Any CPU.Build.0 = Release|Any CPU
		{1045DCA2-6498-4281-BC03-FE928E8184C7}.Debug|Any CPU.ActiveCfg = Debug|Any CPU
		{1045DCA2-6498-4281-BC03-FE928E8184C7}.Debug|Any CPU.Build.0 = Debug|Any CPU
		{1045DCA2-6498-4281-BC03-FE928E8184C7}.Release|Any CPU.ActiveCfg = Release|Any CPU
		{1045DCA2-6498-4281-BC03-FE928E8184C7}.Release|Any CPU.Build.0 = Release|Any CPU
		{F525CB99-A2FC-4B8F-954E-FFF96B6FFBBA}.Debug|Any CPU.ActiveCfg = Debug|Any CPU
		{F525CB99-A2FC-4B8F-954E-FFF96B6FFBBA}.Debug|Any CPU.Build.0 = Debug|Any CPU
		{F525CB99-A2FC-4B8F-954E-FFF96B6FFBBA}.Release|Any CPU.ActiveCfg = Release|Any CPU
		{F525CB99-A2FC-4B8F-954E-FFF96B6FFBBA}.Release|Any CPU.Build.0 = Release|Any CPU
		{AD4501A0-6893-429E-85C4-FD58963AC1FB}.Debug|Any CPU.ActiveCfg = Debug|Any CPU
		{AD4501A0-6893-429E-85C4-FD58963AC1FB}.Debug|Any CPU.Build.0 = Debug|Any CPU
		{AD4501A0-6893-429E-85C4-FD58963AC1FB}.Release|Any CPU.ActiveCfg = Release|Any CPU
		{AD4501A0-6893-429E-85C4-FD58963AC1FB}.Release|Any CPU.Build.0 = Release|Any CPU
		{8451C53A-1B93-421D-A8AE-CBF6464BD360}.Debug|Any CPU.ActiveCfg = Debug|Any CPU
		{8451C53A-1B93-421D-A8AE-CBF6464BD360}.Debug|Any CPU.Build.0 = Debug|Any CPU
		{8451C53A-1B93-421D-A8AE-CBF6464BD360}.Release|Any CPU.ActiveCfg = Release|Any CPU
		{8451C53A-1B93-421D-A8AE-CBF6464BD360}.Release|Any CPU.Build.0 = Release|Any CPU
	EndGlobalSection
	GlobalSection(NestedProjects) = preSolution
		{27130BFF-6ABE-45AB-9EF3-68D19BB3517D} = {2E6DA264-561E-4B6F-BEE6-A6631316720F}
		{7EC48873-24E1-4F1C-A95C-9FECA9AD45D3} = {2E6DA264-561E-4B6F-BEE6-A6631316720F}
		{EB8EBB7B-DDDA-4931-B39E-FF71379A5C07} = {2E6DA264-561E-4B6F-BEE6-A6631316720F}
		{1045DCA2-6498-4281-BC03-FE928E8184C7} = {2E6DA264-561E-4B6F-BEE6-A6631316720F}
		{F525CB99-A2FC-4B8F-954E-FFF96B6FFBBA} = {2E6DA264-561E-4B6F-BEE6-A6631316720F}
		{AD4501A0-6893-429E-85C4-FD58963AC1FB} = {2E6DA264-561E-4B6F-BEE6-A6631316720F}
		{8451C53A-1B93-421D-A8AE-CBF6464BD360} = {2E6DA264-561E-4B6F-BEE6-A6631316720F}
	EndGlobalSection
EndGlobal
