
Microsoft Visual Studio Solution File, Format Version 12.00
# Visual Studio Version 17
VisualStudioVersion = 17.0.31903.59
MinimumVisualStudioVersion = 10.0.40219.1
Project("{2150E333-8FDC-42A3-9474-1A3956D46DE8}") = "src", "src", "{2E6DA264-561E-4B6F-BEE6-A6631316720F}"
EndProject
Project("{2150E333-8FDC-42A3-9474-1A3956D46DE8}") = "olx-assistant", "olx-assistant", "{9256E9B7-B494-430B-9CBA-05E44F480FB0}"
EndProject
Project("{FAE04EC0-301F-11D3-BF4B-00C04F79EFBC}") = "api", "src\olx-assistant\API\api.csproj", "{C1D65424-1D25-4FD0-9EFA-69B22B3F7FCE}"
EndProject
Project("{FAE04EC0-301F-11D3-BF4B-00C04F79EFBC}") = "application", "src\olx-assistant\Application\application.csproj", "{2A5DC8DE-A9A3-42F7-B5B8-1B296805BD13}"
EndProject
Project("{FAE04EC0-301F-11D3-BF4B-00C04F79EFBC}") = "cache-service", "src\olx-assistant\Cache-Service\cache-service.csproj", "{DA265B4B-7E84-4639-9474-A07812C478E0}"
EndProject
Project("{FAE04EC0-301F-11D3-BF4B-00C04F79EFBC}") = "contracts", "src\olx-assistant\Contracts\contracts.csproj", "{E955C1EF-DD6F-4F92-B1D2-6ADEB86CFBAC}"
EndProject
Project("{FAE04EC0-301F-11D3-BF4B-00C04F79EFBC}") = "domain", "src\olx-assistant\Domain\domain.csproj", "{E7F402FD-9CDF-424D-B07A-FEA5351097DC}"
EndProject
Project("{FAE04EC0-301F-11D3-BF4B-00C04F79EFBC}") = "infrastructure", "src\olx-assistant\Infrastructure\infrastructure.csproj", "{2B8AFFB3-628D-49A7-A512-CF974D7199B4}"
EndProject
Project("{FAE04EC0-301F-11D3-BF4B-00C04F79EFBC}") = "scraping", "src\olx-assistant\Scraping\scraping.csproj", "{11E8DC37-D2FC-4720-BC9E-BF0D30D57007}"
EndProject
Project("{FAE04EC0-301F-11D3-BF4B-00C04F79EFBC}") = "test", "src\olx-assistant\Test\test.csproj", "{313AECDB-1B30-4B7D-B082-B35F47894F74}"
EndProject
Global
	GlobalSection(SolutionConfigurationPlatforms) = preSolution
		Debug|Any CPU = Debug|Any CPU
		Release|Any CPU = Release|Any CPU
	EndGlobalSection
	GlobalSection(ProjectConfigurationPlatforms) = postSolution
		{C1D65424-1D25-4FD0-9EFA-69B22B3F7FCE}.Debug|Any CPU.ActiveCfg = Debug|Any CPU
		{C1D65424-1D25-4FD0-9EFA-69B22B3F7FCE}.Debug|Any CPU.Build.0 = Debug|Any CPU
		{C1D65424-1D25-4FD0-9EFA-69B22B3F7FCE}.Release|Any CPU.ActiveCfg = Release|Any CPU
		{C1D65424-1D25-4FD0-9EFA-69B22B3F7FCE}.Release|Any CPU.Build.0 = Release|Any CPU
		{2A5DC8DE-A9A3-42F7-B5B8-1B296805BD13}.Debug|Any CPU.ActiveCfg = Debug|Any CPU
		{2A5DC8DE-A9A3-42F7-B5B8-1B296805BD13}.Debug|Any CPU.Build.0 = Debug|Any CPU
		{2A5DC8DE-A9A3-42F7-B5B8-1B296805BD13}.Release|Any CPU.ActiveCfg = Release|Any CPU
		{2A5DC8DE-A9A3-42F7-B5B8-1B296805BD13}.Release|Any CPU.Build.0 = Release|Any CPU
		{DA265B4B-7E84-4639-9474-A07812C478E0}.Debug|Any CPU.ActiveCfg = Debug|Any CPU
		{DA265B4B-7E84-4639-9474-A07812C478E0}.Debug|Any CPU.Build.0 = Debug|Any CPU
		{DA265B4B-7E84-4639-9474-A07812C478E0}.Release|Any CPU.ActiveCfg = Release|Any CPU
		{DA265B4B-7E84-4639-9474-A07812C478E0}.Release|Any CPU.Build.0 = Release|Any CPU
		{E955C1EF-DD6F-4F92-B1D2-6ADEB86CFBAC}.Debug|Any CPU.ActiveCfg = Debug|Any CPU
		{E955C1EF-DD6F-4F92-B1D2-6ADEB86CFBAC}.Debug|Any CPU.Build.0 = Debug|Any CPU
		{E955C1EF-DD6F-4F92-B1D2-6ADEB86CFBAC}.Release|Any CPU.ActiveCfg = Release|Any CPU
		{E955C1EF-DD6F-4F92-B1D2-6ADEB86CFBAC}.Release|Any CPU.Build.0 = Release|Any CPU
		{E7F402FD-9CDF-424D-B07A-FEA5351097DC}.Debug|Any CPU.ActiveCfg = Debug|Any CPU
		{E7F402FD-9CDF-424D-B07A-FEA5351097DC}.Debug|Any CPU.Build.0 = Debug|Any CPU
		{E7F402FD-9CDF-424D-B07A-FEA5351097DC}.Release|Any CPU.ActiveCfg = Release|Any CPU
		{E7F402FD-9CDF-424D-B07A-FEA5351097DC}.Release|Any CPU.Build.0 = Release|Any CPU
		{2B8AFFB3-628D-49A7-A512-CF974D7199B4}.Debug|Any CPU.ActiveCfg = Debug|Any CPU
		{2B8AFFB3-628D-49A7-A512-CF974D7199B4}.Debug|Any CPU.Build.0 = Debug|Any CPU
		{2B8AFFB3-628D-49A7-A512-CF974D7199B4}.Release|Any CPU.ActiveCfg = Release|Any CPU
		{2B8AFFB3-628D-49A7-A512-CF974D7199B4}.Release|Any CPU.Build.0 = Release|Any CPU
		{11E8DC37-D2FC-4720-BC9E-BF0D30D57007}.Debug|Any CPU.ActiveCfg = Debug|Any CPU
		{11E8DC37-D2FC-4720-BC9E-BF0D30D57007}.Debug|Any CPU.Build.0 = Debug|Any CPU
		{11E8DC37-D2FC-4720-BC9E-BF0D30D57007}.Release|Any CPU.ActiveCfg = Release|Any CPU
		{11E8DC37-D2FC-4720-BC9E-BF0D30D57007}.Release|Any CPU.Build.0 = Release|Any CPU
		{313AECDB-1B30-4B7D-B082-B35F47894F74}.Debug|Any CPU.ActiveCfg = Debug|Any CPU
		{313AECDB-1B30-4B7D-B082-B35F47894F74}.Debug|Any CPU.Build.0 = Debug|Any CPU
		{313AECDB-1B30-4B7D-B082-B35F47894F74}.Release|Any CPU.ActiveCfg = Release|Any CPU
		{313AECDB-1B30-4B7D-B082-B35F47894F74}.Release|Any CPU.Build.0 = Release|Any CPU
	EndGlobalSection
	GlobalSection(SolutionProperties) = preSolution
		HideSolutionNode = FALSE
	EndGlobalSection
	GlobalSection(NestedProjects) = preSolution
		{27130BFF-6ABE-45AB-9EF3-68D19BB3517D} = {2E6DA264-561E-4B6F-BEE6-A6631316720F}
		{1045DCA2-6498-4281-BC03-FE928E8184C7} = {2E6DA264-561E-4B6F-BEE6-A6631316720F}
		{F525CB99-A2FC-4B8F-954E-FFF96B6FFBBA} = {2E6DA264-561E-4B6F-BEE6-A6631316720F}
		{AD4501A0-6893-429E-85C4-FD58963AC1FB} = {2E6DA264-561E-4B6F-BEE6-A6631316720F}
		{97A5784A-D8EC-4731-B3C4-E3A9AF6F5067} = {2E6DA264-561E-4B6F-BEE6-A6631316720F}
		{9256E9B7-B494-430B-9CBA-05E44F480FB0} = {2E6DA264-561E-4B6F-BEE6-A6631316720F}
		{C1D65424-1D25-4FD0-9EFA-69B22B3F7FCE} = {9256E9B7-B494-430B-9CBA-05E44F480FB0}
		{2A5DC8DE-A9A3-42F7-B5B8-1B296805BD13} = {9256E9B7-B494-430B-9CBA-05E44F480FB0}
		{DA265B4B-7E84-4639-9474-A07812C478E0} = {9256E9B7-B494-430B-9CBA-05E44F480FB0}
		{E955C1EF-DD6F-4F92-B1D2-6ADEB86CFBAC} = {9256E9B7-B494-430B-9CBA-05E44F480FB0}
		{E7F402FD-9CDF-424D-B07A-FEA5351097DC} = {9256E9B7-B494-430B-9CBA-05E44F480FB0}
		{2B8AFFB3-628D-49A7-A512-CF974D7199B4} = {9256E9B7-B494-430B-9CBA-05E44F480FB0}
		{11E8DC37-D2FC-4720-BC9E-BF0D30D57007} = {9256E9B7-B494-430B-9CBA-05E44F480FB0}
		{313AECDB-1B30-4B7D-B082-B35F47894F74} = {9256E9B7-B494-430B-9CBA-05E44F480FB0}
	EndGlobalSection
EndGlobal
